
Microsoft Visual Studio Solution File, Format Version 12.00
# Visual Studio Version 17
VisualStudioVersion = 17.3.32804.467
MinimumVisualStudioVersion = 10.0.40219.1
Project("{FAE04EC0-301F-11D3-BF4B-00C04F79EFBC}") = "NoJokeGEZ", "NoJokeGEZ\NoJokeGEZ.csproj", "{21303D2D-202D-411B-9C6C-6C17BBBD5AB9}"
EndProject
Global
	GlobalSection(SolutionConfigurationPlatforms) = preSolution
		Debug|Any CPU = Debug|Any CPU
		Release|Any CPU = Release|Any CPU
	EndGlobalSection
	GlobalSection(ProjectConfigurationPlatforms) = postSolution
		{21303D2D-202D-411B-9C6C-6C17BBBD5AB9}.Debug|Any CPU.ActiveCfg = Debug|Any CPU
		{21303D2D-202D-411B-9C6C-6C17BBBD5AB9}.Debug|Any CPU.Build.0 = Debug|Any CPU
		{21303D2D-202D-411B-9C6C-6C17BBBD5AB9}.Release|Any CPU.ActiveCfg = Release|Any CPU
		{21303D2D-202D-411B-9C6C-6C17BBBD5AB9}.Release|Any CPU.Build.0 = Release|Any CPU
	EndGlobalSection
	GlobalSection(SolutionProperties) = preSolution
		HideSolutionNode = FALSE
	EndGlobalSection
	GlobalSection(ExtensibilityGlobals) = postSolution
		SolutionGuid = {4B6561C2-90A8-409D-9B5D-6EE82BC90CC9}
	EndGlobalSection
EndGlobal
